
Microsoft Visual Studio Solution File, Format Version 12.00
# Visual Studio Version 17
VisualStudioVersion = 17.10.35122.118
MinimumVisualStudioVersion = 10.0.40219.1
Project("{FAE04EC0-301F-11D3-BF4B-00C04F79EFBC}") = "STaTool", "STaTool\STaTool.csproj", "{F46F6600-47E9-4D26-AE1E-2E46F8149BA3}"
EndProject
Global
	GlobalSection(SolutionConfigurationPlatforms) = preSolution
		Debug|Any CPU = Debug|Any CPU
		Release|Any CPU = Release|Any CPU
	EndGlobalSection
	GlobalSection(ProjectConfigurationPlatforms) = postSolution
		{F46F6600-47E9-4D26-AE1E-2E46F8149BA3}.Debug|Any CPU.ActiveCfg = Debug|Any CPU
		{F46F6600-47E9-4D26-AE1E-2E46F8149BA3}.Debug|Any CPU.Build.0 = Debug|Any CPU
		{F46F6600-47E9-4D26-AE1E-2E46F8149BA3}.Release|Any CPU.ActiveCfg = Release|Any CPU
		{F46F6600-47E9-4D26-AE1E-2E46F8149BA3}.Release|Any CPU.Build.0 = Release|Any CPU
	EndGlobalSection
	GlobalSection(SolutionProperties) = preSolution
		HideSolutionNode = FALSE
	EndGlobalSection
	GlobalSection(ExtensibilityGlobals) = postSolution
		SolutionGuid = {49A7C423-B4AC-4CAF-BB02-AFC8952D20F2}
	EndGlobalSection
EndGlobal
